# This file is automatically @generated by Cargo.
# It is not intended for manual editing.
version = 4

[[package]]
name = "pastey"
version = "0.1.0"
source = "registry+https://github.com/rust-lang/crates.io-index"
checksum = "b3a8cb46bdc156b1c90460339ae6bfd45ba0394e5effbaa640badb4987fdc261"

[[package]]
name = "types"
version = "0.1.0"
dependencies = [
 "pastey",
]
